
Microsoft Visual Studio Solution File, Format Version 12.00
# Visual Studio Version 16
VisualStudioVersion = 16.0.29326.143
MinimumVisualStudioVersion = 10.0.40219.1
Project("{FAE04EC0-301F-11D3-BF4B-00C04F79EFBC}") = "Freshivoje", "Freshivoje\Freshivoje.csproj", "{72964873-6388-43D0-BF10-E04A89F81650}"
EndProject
Global
	GlobalSection(SolutionConfigurationPlatforms) = preSolution
		Debug|Any CPU = Debug|Any CPU
		Release|Any CPU = Release|Any CPU
	EndGlobalSection
	GlobalSection(ProjectConfigurationPlatforms) = postSolution
		{72964873-6388-43D0-BF10-E04A89F81650}.Debug|Any CPU.ActiveCfg = Debug|Any CPU
		{72964873-6388-43D0-BF10-E04A89F81650}.Debug|Any CPU.Build.0 = Debug|Any CPU
		{72964873-6388-43D0-BF10-E04A89F81650}.Release|Any CPU.ActiveCfg = Release|Any CPU
		{72964873-6388-43D0-BF10-E04A89F81650}.Release|Any CPU.Build.0 = Release|Any CPU
	EndGlobalSection
	GlobalSection(SolutionProperties) = preSolution
		HideSolutionNode = FALSE
	EndGlobalSection
	GlobalSection(ExtensibilityGlobals) = postSolution
		SolutionGuid = {1EFD1D78-2262-417F-8865-8900F613DCB4}
	EndGlobalSection
EndGlobal
